
Microsoft Visual Studio Solution File, Format Version 12.00
# Visual Studio Version 17
VisualStudioVersion = 17.3.32901.215
MinimumVisualStudioVersion = 10.0.40219.1
Project("{9A19103F-16F7-4668-BE54-9A1E7A4F7556}") = "TshirtStore", "TshirtStore\TshirtStore.csproj", "{CF9CA75F-5AE0-4B25-87DC-ADAB8CB2A026}"
EndProject
Project("{FAE04EC0-301F-11D3-BF4B-00C04F79EFBC}") = "ThirtStore.Models", "ThirtStore.Models\ThirtStore.Models.csproj", "{D6C82A17-C019-4358-96C0-11AE520EBB5B}"
EndProject
Project("{FAE04EC0-301F-11D3-BF4B-00C04F79EFBC}") = "TshirtStore.BL", "TshirtStore.BL\TshirtStore.BL.csproj", "{BD07B1BC-9116-4073-A1D2-D9D9093A15FF}"
EndProject
Project("{FAE04EC0-301F-11D3-BF4B-00C04F79EFBC}") = "TshirtStore.DL", "TshirtStore.DL\TshirtStore.DL.csproj", "{31A12BF2-F2EC-445C-B37E-F9BB874AF8F5}"
EndProject
Global
	GlobalSection(SolutionConfigurationPlatforms) = preSolution
		Debug|Any CPU = Debug|Any CPU
		Release|Any CPU = Release|Any CPU
	EndGlobalSection
	GlobalSection(ProjectConfigurationPlatforms) = postSolution
		{CF9CA75F-5AE0-4B25-87DC-ADAB8CB2A026}.Debug|Any CPU.ActiveCfg = Debug|Any CPU
		{CF9CA75F-5AE0-4B25-87DC-ADAB8CB2A026}.Debug|Any CPU.Build.0 = Debug|Any CPU
		{CF9CA75F-5AE0-4B25-87DC-ADAB8CB2A026}.Release|Any CPU.ActiveCfg = Release|Any CPU
		{CF9CA75F-5AE0-4B25-87DC-ADAB8CB2A026}.Release|Any CPU.Build.0 = Release|Any CPU
		{D6C82A17-C019-4358-96C0-11AE520EBB5B}.Debug|Any CPU.ActiveCfg = Debug|Any CPU
		{D6C82A17-C019-4358-96C0-11AE520EBB5B}.Debug|Any CPU.Build.0 = Debug|Any CPU
		{D6C82A17-C019-4358-96C0-11AE520EBB5B}.Release|Any CPU.ActiveCfg = Release|Any CPU
		{D6C82A17-C019-4358-96C0-11AE520EBB5B}.Release|Any CPU.Build.0 = Release|Any CPU
		{BD07B1BC-9116-4073-A1D2-D9D9093A15FF}.Debug|Any CPU.ActiveCfg = Debug|Any CPU
		{BD07B1BC-9116-4073-A1D2-D9D9093A15FF}.Debug|Any CPU.Build.0 = Debug|Any CPU
		{BD07B1BC-9116-4073-A1D2-D9D9093A15FF}.Release|Any CPU.ActiveCfg = Release|Any CPU
		{BD07B1BC-9116-4073-A1D2-D9D9093A15FF}.Release|Any CPU.Build.0 = Release|Any CPU
		{31A12BF2-F2EC-445C-B37E-F9BB874AF8F5}.Debug|Any CPU.ActiveCfg = Debug|Any CPU
		{31A12BF2-F2EC-445C-B37E-F9BB874AF8F5}.Debug|Any CPU.Build.0 = Debug|Any CPU
		{31A12BF2-F2EC-445C-B37E-F9BB874AF8F5}.Release|Any CPU.ActiveCfg = Release|Any CPU
		{31A12BF2-F2EC-445C-B37E-F9BB874AF8F5}.Release|Any CPU.Build.0 = Release|Any CPU
	EndGlobalSection
	GlobalSection(SolutionProperties) = preSolution
		HideSolutionNode = FALSE
	EndGlobalSection
	GlobalSection(ExtensibilityGlobals) = postSolution
		SolutionGuid = {D661C057-DFDE-479B-820C-FD78BB839166}
	EndGlobalSection
EndGlobal
